{
  "nodes": {
    "flake-compat": {
      "locked": {
        "lastModified": 1761640442,
        "narHash": "sha256-AtrEP6Jmdvrqiv4x2xa5mrtaIp3OEe8uBYCDZDS+hu8=",
        "owner": "nix-community",
        "repo": "flake-compat",
        "rev": "4a56054d8ffc173222d09dad23adf4ba946c8884",
        "type": "github"
      },
      "original": {
        "owner": "nix-community",
        "repo": "flake-compat",
        "type": "github"
      }
    },
    "flake-utils": {
      "inputs": {
        "systems": "systems"
      },
      "locked": {
        "lastModified": 1731533236,
        "narHash": "sha256-l0KFg5HjrsfsO/JpG+r7fRrqm12kzFHyUHqHCVpMMbI=",
        "owner": "numtide",
        "repo": "flake-utils",
        "rev": "11707dc2f618dd54ca8739b309ec4fc024de578b",
        "type": "github"
      },
      "original": {
        "owner": "numtide",
        "repo": "flake-utils",
        "type": "github"
      }
    },
    "home-manager": {
      "inputs": {
        "nixpkgs": [
          "nixpkgs"
        ]
      },
      "locked": {
        "lastModified": 1779157263,
        "narHash": "sha256-VbiyZkRf8/qr7ObmlyfOHJsNAW5tyZ4MB1+cUwAwdrw=",
        "owner": "nix-community",
        "repo": "home-manager",
        "rev": "866412a19866b4a8e32d2306a118040afa2b840c",
        "type": "github"
      },
      "original": {
        "owner": "nix-community",
        "repo": "home-manager",
        "type": "github"
      }
    },
    "lib-aggregate": {
      "inputs": {
        "flake-utils": "flake-utils",
        "nixpkgs-lib": "nixpkgs-lib"
      },
      "locked": {
        "lastModified": 1779025127,
        "narHash": "sha256-OGTSct+rUI1anMnxvG7KLP9I4LsvCHoVi9yKqcta/xA=",
        "owner": "nix-community",
        "repo": "lib-aggregate",
        "rev": "eeadc36611ebbecb9d2c8f5bef7049ba60344da9",
        "type": "github"
      },
      "original": {
        "owner": "nix-community",
        "repo": "lib-aggregate",
        "type": "github"
      }
    },
    "nixos-hardware": {
      "locked": {
        "lastModified": 1778945272,
        "narHash": "sha256-Aipz0UiBhE2a1FYJrNc2y+5vKWo5QVkhmaIJk3/ls+g=",
        "owner": "NixOS",
        "repo": "nixos-hardware",
        "rev": "379c1f274f0fa354d012f0600806de54e79f29b5",
        "type": "github"
      },
      "original": {
        "owner": "NixOS",
        "ref": "master",
        "repo": "nixos-hardware",
        "type": "github"
      }
    },
    "nixpkgs": {
      "locked": {
        "lastModified": 1776255774,
        "narHash": "sha256-psVTpH6PK3q1htMJpmdz1hLF5pQgEshu7gQWgKO6t6Y=",
        "owner": "NixOS",
        "repo": "nixpkgs",
        "rev": "566acc07c54dc807f91625bb286cb9b321b5f42a",
        "type": "github"
      },
      "original": {
        "owner": "NixOS",
        "ref": "nixpkgs-unstable",
        "repo": "nixpkgs",
        "type": "github"
      }
    },
    "nixpkgs-lib": {
      "locked": {
        "lastModified": 1778984393,
        "narHash": "sha256-r755Kh5Q0XBTPNuv9rL2rsUJTq8BDhb+lIwRWhl6yYA=",
        "owner": "nix-community",
        "repo": "nixpkgs.lib",
        "rev": "0d14a58ab7aa3f513c58ccc9e47e77ffd92be204",
        "type": "github"
      },
      "original": {
        "owner": "nix-community",
        "repo": "nixpkgs.lib",
        "type": "github"
      }
    },
    "nixpkgs-wayland": {
      "inputs": {
        "flake-compat": "flake-compat",
        "lib-aggregate": "lib-aggregate",
        "nixpkgs": "nixpkgs_2"
      },
      "locked": {
        "lastModified": 1779046559,
        "narHash": "sha256-prtoFMToJ4S2O33/zARx0rAugKhCSuYN8Usc7mrvls8=",
        "owner": "nix-community",
        "repo": "nixpkgs-wayland",
        "rev": "8c21681fac7c3811654adc0fff6d0a0abd5402d8",
        "type": "github"
      },
      "original": {
        "owner": "nix-community",
        "repo": "nixpkgs-wayland",
        "type": "github"
      }
    },
    "nixpkgs_2": {
      "locked": {
        "lastModified": 1778869304,
        "narHash": "sha256-30sZNZoA1cqF5JNO9fVX+wgiQYjB7HJqqJ4ztCDeBZE=",
        "owner": "nixos",
        "repo": "nixpkgs",
        "rev": "d233902339c02a9c334e7e593de68855ad26c4cb",
        "type": "github"
      },
      "original": {
        "owner": "nixos",
        "ref": "nixos-unstable",
        "repo": "nixpkgs",
        "type": "github"
      }
    },
    "root": {
      "inputs": {
        "home-manager": "home-manager",
        "nixos-hardware": "nixos-hardware",
        "nixpkgs": "nixpkgs",
        "nixpkgs-wayland": "nixpkgs-wayland"
      }
    },
    "systems": {
      "locked": {
        "lastModified": 1681028828,
        "narHash": "sha256-Vy1rq5AaRuLzOxct8nz4T6wlgyUR7zLU309k9mBC768=",
        "owner": "nix-systems",
        "repo": "default",
        "rev": "da67096a3b9bf56a91d16901293e51ba5b49a27e",
        "type": "github"
      },
      "original": {
        "owner": "nix-systems",
        "repo": "default",
        "type": "github"
      }
    }
  },
  "root": "root",
  "version": 7
}
